
Microsoft Visual Studio Solution File, Format Version 12.00
# Visual Studio Version 16
VisualStudioVersion = 16.0.31205.134
MinimumVisualStudioVersion = 10.0.40219.1
Project("{8BC9CEB8-8B4A-11D0-8D11-00A0C91BC942}") = "reductionOfRomanFraction", "reductionOfRomanFraction\reductionOfRomanFraction.vcxproj", "{39BBB856-2B0E-44EF-BAA5-5927873D5FE2}"
EndProject
Project("{8BC9CEB8-8B4A-11D0-8D11-00A0C91BC942}") = "test_reductionOfRomanFraction", "test_reductionOfRomanFraction\test_reductionOfRomanFraction.vcxproj", "{791BA76A-DF4C-404B-B251-A706E243F8E2}"
EndProject
Project("{8BC9CEB8-8B4A-11D0-8D11-00A0C91BC942}") = "test_isContentOfStringCorrect", "test_isContentOfStringCorrect\test_isContentOfStringCorrect.vcxproj", "{DB134F44-2814-4D80-8285-AD0CC1C9F2C7}"
EndProject
Project("{8BC9CEB8-8B4A-11D0-8D11-00A0C91BC942}") = "test_isRomNumCorrect", "test_isRomanNumCorrect\test_isRomanNumCorrect.vcxproj", "{55EECBAC-FAA6-4398-92A0-5857F791D63D}"
EndProject
Project("{8BC9CEB8-8B4A-11D0-8D11-00A0C91BC942}") = "test_convertNumFromRomToDec", "test_convertNumFromRomToDec\test_convertNumFromRomToDec.vcxproj", "{3466389F-FD7B-4C5F-A816-80519203243F}"
EndProject
Project("{8BC9CEB8-8B4A-11D0-8D11-00A0C91BC942}") = "test_findGCD", "test_findGCD\test_findGCD.vcxproj", "{CA16AB0B-963D-4CD6-9644-2152DA91A961}"
EndProject
Project("{8BC9CEB8-8B4A-11D0-8D11-00A0C91BC942}") = "test_convertNumFromDecToRom", "test_convertNumFromDecToRom\test_convertNumFromDecToRom.vcxproj", "{74CA79E5-B9A6-4EAC-9E90-DED725954899}"
EndProject
Global
	GlobalSection(SolutionConfigurationPlatforms) = preSolution
		Debug|x64 = Debug|x64
		Debug|x86 = Debug|x86
		Profiling|x64 = Profiling|x64
		Profiling|x86 = Profiling|x86
		Release|x64 = Release|x64
		Release|x86 = Release|x86
	EndGlobalSection
	GlobalSection(ProjectConfigurationPlatforms) = postSolution
		{39BBB856-2B0E-44EF-BAA5-5927873D5FE2}.Debug|x64.ActiveCfg = Debug|x64
		{39BBB856-2B0E-44EF-BAA5-5927873D5FE2}.Debug|x64.Build.0 = Debug|x64
		{39BBB856-2B0E-44EF-BAA5-5927873D5FE2}.Debug|x86.ActiveCfg = Debug|Win32
		{39BBB856-2B0E-44EF-BAA5-5927873D5FE2}.Debug|x86.Build.0 = Debug|Win32
		{39BBB856-2B0E-44EF-BAA5-5927873D5FE2}.Profiling|x64.ActiveCfg = Profiling|x64
		{39BBB856-2B0E-44EF-BAA5-5927873D5FE2}.Profiling|x64.Build.0 = Profiling|x64
		{39BBB856-2B0E-44EF-BAA5-5927873D5FE2}.Profiling|x86.ActiveCfg = Profiling|Win32
		{39BBB856-2B0E-44EF-BAA5-5927873D5FE2}.Profiling|x86.Build.0 = Profiling|Win32
		{39BBB856-2B0E-44EF-BAA5-5927873D5FE2}.Release|x64.ActiveCfg = Release|x64
		{39BBB856-2B0E-44EF-BAA5-5927873D5FE2}.Release|x64.Build.0 = Release|x64
		{39BBB856-2B0E-44EF-BAA5-5927873D5FE2}.Release|x86.ActiveCfg = Release|Win32
		{39BBB856-2B0E-44EF-BAA5-5927873D5FE2}.Release|x86.Build.0 = Release|Win32
		{791BA76A-DF4C-404B-B251-A706E243F8E2}.Debug|x64.ActiveCfg = Debug|x64
		{791BA76A-DF4C-404B-B251-A706E243F8E2}.Debug|x64.Build.0 = Debug|x64
		{791BA76A-DF4C-404B-B251-A706E243F8E2}.Debug|x86.ActiveCfg = Debug|Win32
		{791BA76A-DF4C-404B-B251-A706E243F8E2}.Debug|x86.Build.0 = Debug|Win32
		{791BA76A-DF4C-404B-B251-A706E243F8E2}.Profiling|x64.ActiveCfg = Profiling|x64
		{791BA76A-DF4C-404B-B251-A706E243F8E2}.Profiling|x64.Build.0 = Profiling|x64
		{791BA76A-DF4C-404B-B251-A706E243F8E2}.Profiling|x86.ActiveCfg = Profiling|Win32
		{791BA76A-DF4C-404B-B251-A706E243F8E2}.Profiling|x86.Build.0 = Profiling|Win32
		{791BA76A-DF4C-404B-B251-A706E243F8E2}.Release|x64.ActiveCfg = Release|x64
		{791BA76A-DF4C-404B-B251-A706E243F8E2}.Release|x64.Build.0 = Release|x64
		{791BA76A-DF4C-404B-B251-A706E243F8E2}.Release|x86.ActiveCfg = Release|Win32
		{791BA76A-DF4C-404B-B251-A706E243F8E2}.Release|x86.Build.0 = Release|Win32
		{DB134F44-2814-4D80-8285-AD0CC1C9F2C7}.Debug|x64.ActiveCfg = Debug|x64
		{DB134F44-2814-4D80-8285-AD0CC1C9F2C7}.Debug|x64.Build.0 = Debug|x64
		{DB134F44-2814-4D80-8285-AD0CC1C9F2C7}.Debug|x86.ActiveCfg = Debug|Win32
		{DB134F44-2814-4D80-8285-AD0CC1C9F2C7}.Debug|x86.Build.0 = Debug|Win32
		{DB134F44-2814-4D80-8285-AD0CC1C9F2C7}.Profiling|x64.ActiveCfg = Profiling|x64
		{DB134F44-2814-4D80-8285-AD0CC1C9F2C7}.Profiling|x64.Build.0 = Profiling|x64
		{DB134F44-2814-4D80-8285-AD0CC1C9F2C7}.Profiling|x86.ActiveCfg = Profiling|Win32
		{DB134F44-2814-4D80-8285-AD0CC1C9F2C7}.Profiling|x86.Build.0 = Profiling|Win32
		{DB134F44-2814-4D80-8285-AD0CC1C9F2C7}.Release|x64.ActiveCfg = Release|x64
		{DB134F44-2814-4D80-8285-AD0CC1C9F2C7}.Release|x64.Build.0 = Release|x64
		{DB134F44-2814-4D80-8285-AD0CC1C9F2C7}.Release|x86.ActiveCfg = Release|Win32
		{DB134F44-2814-4D80-8285-AD0CC1C9F2C7}.Release|x86.Build.0 = Release|Win32
		{55EECBAC-FAA6-4398-92A0-5857F791D63D}.Debug|x64.ActiveCfg = Debug|x64
		{55EECBAC-FAA6-4398-92A0-5857F791D63D}.Debug|x64.Build.0 = Debug|x64
		{55EECBAC-FAA6-4398-92A0-5857F791D63D}.Debug|x86.ActiveCfg = Debug|Win32
		{55EECBAC-FAA6-4398-92A0-5857F791D63D}.Debug|x86.Build.0 = Debug|Win32
		{55EECBAC-FAA6-4398-92A0-5857F791D63D}.Profiling|x64.ActiveCfg = Profiling|x64
		{55EECBAC-FAA6-4398-92A0-5857F791D63D}.Profiling|x64.Build.0 = Profiling|x64
		{55EECBAC-FAA6-4398-92A0-5857F791D63D}.Profiling|x86.ActiveCfg = Profiling|Win32
		{55EECBAC-FAA6-4398-92A0-5857F791D63D}.Profiling|x86.Build.0 = Profiling|Win32
		{55EECBAC-FAA6-4398-92A0-5857F791D63D}.Release|x64.ActiveCfg = Release|x64
		{55EECBAC-FAA6-4398-92A0-5857F791D63D}.Release|x64.Build.0 = Release|x64
		{55EECBAC-FAA6-4398-92A0-5857F791D63D}.Release|x86.ActiveCfg = Release|Win32
		{55EECBAC-FAA6-4398-92A0-5857F791D63D}.Release|x86.Build.0 = Release|Win32
		{3466389F-FD7B-4C5F-A816-80519203243F}.Debug|x64.ActiveCfg = Debug|x64
		{3466389F-FD7B-4C5F-A816-80519203243F}.Debug|x64.Build.0 = Debug|x64
		{3466389F-FD7B-4C5F-A816-80519203243F}.Debug|x86.ActiveCfg = Debug|Win32
		{3466389F-FD7B-4C5F-A816-80519203243F}.Debug|x86.Build.0 = Debug|Win32
		{3466389F-FD7B-4C5F-A816-80519203243F}.Profiling|x64.ActiveCfg = Profiling|x64
		{3466389F-FD7B-4C5F-A816-80519203243F}.Profiling|x64.Build.0 = Profiling|x64
		{3466389F-FD7B-4C5F-A816-80519203243F}.Profiling|x86.ActiveCfg = Profiling|Win32
		{3466389F-FD7B-4C5F-A816-80519203243F}.Profiling|x86.Build.0 = Profiling|Win32
		{3466389F-FD7B-4C5F-A816-80519203243F}.Release|x64.ActiveCfg = Release|x64
		{3466389F-FD7B-4C5F-A816-80519203243F}.Release|x64.Build.0 = Release|x64
		{3466389F-FD7B-4C5F-A816-80519203243F}.Release|x86.ActiveCfg = Release|Win32
		{3466389F-FD7B-4C5F-A816-80519203243F}.Release|x86.Build.0 = Release|Win32
		{CA16AB0B-963D-4CD6-9644-2152DA91A961}.Debug|x64.ActiveCfg = Debug|x64
		{CA16AB0B-963D-4CD6-9644-2152DA91A961}.Debug|x64.Build.0 = Debug|x64
		{CA16AB0B-963D-4CD6-9644-2152DA91A961}.Debug|x86.ActiveCfg = Debug|Win32
		{CA16AB0B-963D-4CD6-9644-2152DA91A961}.Debug|x86.Build.0 = Debug|Win32
		{CA16AB0B-963D-4CD6-9644-2152DA91A961}.Profiling|x64.ActiveCfg = Profiling|x64
		{CA16AB0B-963D-4CD6-9644-2152DA91A961}.Profiling|x64.Build.0 = Profiling|x64
		{CA16AB0B-963D-4CD6-9644-2152DA91A961}.Profiling|x86.ActiveCfg = Profiling|Win32
		{CA16AB0B-963D-4CD6-9644-2152DA91A961}.Profiling|x86.Build.0 = Profiling|Win32
		{CA16AB0B-963D-4CD6-9644-2152DA91A961}.Release|x64.ActiveCfg = Release|x64
		{CA16AB0B-963D-4CD6-9644-2152DA91A961}.Release|x64.Build.0 = Release|x64
		{CA16AB0B-963D-4CD6-9644-2152DA91A961}.Release|x86.ActiveCfg = Release|Win32
		{CA16AB0B-963D-4CD6-9644-2152DA91A961}.Release|x86.Build.0 = Release|Win32
		{74CA79E5-B9A6-4EAC-9E90-DED725954899}.Debug|x64.ActiveCfg = Debug|x64
		{74CA79E5-B9A6-4EAC-9E90-DED725954899}.Debug|x64.Build.0 = Debug|x64
		{74CA79E5-B9A6-4EAC-9E90-DED725954899}.Debug|x86.ActiveCfg = Debug|Win32
		{74CA79E5-B9A6-4EAC-9E90-DED725954899}.Debug|x86.Build.0 = Debug|Win32
		{74CA79E5-B9A6-4EAC-9E90-DED725954899}.Profiling|x64.ActiveCfg = Profiling|x64
		{74CA79E5-B9A6-4EAC-9E90-DED725954899}.Profiling|x64.Build.0 = Profiling|x64
		{74CA79E5-B9A6-4EAC-9E90-DED725954899}.Profiling|x86.ActiveCfg = Profiling|Win32
		{74CA79E5-B9A6-4EAC-9E90-DED725954899}.Profiling|x86.Build.0 = Profiling|Win32
		{74CA79E5-B9A6-4EAC-9E90-DED725954899}.Release|x64.ActiveCfg = Release|x64
		{74CA79E5-B9A6-4EAC-9E90-DED725954899}.Release|x64.Build.0 = Release|x64
		{74CA79E5-B9A6-4EAC-9E90-DED725954899}.Release|x86.ActiveCfg = Release|Win32
		{74CA79E5-B9A6-4EAC-9E90-DED725954899}.Release|x86.Build.0 = Release|Win32
	EndGlobalSection
	GlobalSection(SolutionProperties) = preSolution
		HideSolutionNode = FALSE
	EndGlobalSection
	GlobalSection(ExtensibilityGlobals) = postSolution
		SolutionGuid = {83720391-D6FB-4015-9183-0A63C757DB53}
	EndGlobalSection
EndGlobal
